
Microsoft Visual Studio Solution File, Format Version 12.00
# Visual Studio Version 16
VisualStudioVersion = 25.0.1706.11
MinimumVisualStudioVersion = 10.0.40219.1
Project("{FAE04EC0-301F-11D3-BF4B-00C04F79EFBC}") = "EmployeeManagementAPI", "EmployeeManagementAPI\EmployeeManagementAPI.csproj", "{EAF81E60-2DE7-49A5-8E42-C8FDC1273FF3}"
EndProject
Global
	GlobalSection(SolutionConfigurationPlatforms) = preSolution
		Debug|Any CPU = Debug|Any CPU
		Release|Any CPU = Release|Any CPU
	EndGlobalSection
	GlobalSection(ProjectConfigurationPlatforms) = postSolution
		{EAF81E60-2DE7-49A5-8E42-C8FDC1273FF3}.Debug|Any CPU.ActiveCfg = Debug|Any CPU
		{EAF81E60-2DE7-49A5-8E42-C8FDC1273FF3}.Debug|Any CPU.Build.0 = Debug|Any CPU
		{EAF81E60-2DE7-49A5-8E42-C8FDC1273FF3}.Release|Any CPU.ActiveCfg = Release|Any CPU
		{EAF81E60-2DE7-49A5-8E42-C8FDC1273FF3}.Release|Any CPU.Build.0 = Release|Any CPU
	EndGlobalSection
	GlobalSection(SolutionProperties) = preSolution
		HideSolutionNode = FALSE
	EndGlobalSection
	GlobalSection(ExtensibilityGlobals) = postSolution
		SolutionGuid = {27E7C8FE-6A6B-4CA6-AC0E-9B491F708E02}
	EndGlobalSection
EndGlobal
